# This file is automatically @generated by Cargo.
# It is not intended for manual editing.
version = 4

[[package]]
name = "chaperone-cli"
version = "0.1.0"
dependencies = [
 "chaperone-core",
 "chaperone-server",
]

[[package]]
name = "chaperone-core"
version = "0.1.0"

[[package]]
name = "chaperone-server"
version = "0.1.0"
dependencies = [
 "chaperone-core",
]
